{
  "version": 4,
  "terraform_version": "0.13.0",
  "serial": 95,
  "lineage": "22b8abfa-66f4-4a6d-898c-4baf2829ddb7",
  "outputs": {},
  "resources": [
    {
      "mode": "data",
      "type": "aws_security_group",
      "name": "master-sg",
      "provider": "provider[\"registry.terraform.io/hashicorp/aws\"]",
      "instances": [
        {
          "schema_version": 0,
          "attributes": {
            "arn": "arn:aws-us-gov:ec2:us-gov-west-1:781679968553:security-group/sg-03532ba7c668b761c",
            "description": "Managed by Terraform",
            "filter": [
              {
                "name": "tag:Name",
                "values": [
                  "latest-master-sg"
                ]
              }
            ],
            "id": "sg-03532ba7c668b761c",
            "name": "latest-master-sg",
            "tags": {
              "Name": "latest-master-sg",
              "kubernetes.io/cluster/latest": "owned"
            },
            "vpc_id": "vpc-0a735dc9ff074a98d"
          }
        }
      ]
    },
    {
      "mode": "managed",
      "type": "aws_instance",
      "name": "bootstrap-node",
      "provider": "provider[\"registry.terraform.io/hashicorp/aws\"]",
      "instances": [
        {
          "schema_version": 1,
          "attributes": {
            "ami": "ami-e06e5081",
            "arn": "arn:aws-us-gov:ec2:us-gov-west-1:781679968553:instance/i-093efa378c5383b61",
            "associate_public_ip_address": false,
            "availability_zone": "us-gov-west-1a",
            "cpu_core_count": 2,
            "cpu_threads_per_core": 2,
            "credit_specification": [],
            "disable_api_termination": false,
            "ebs_block_device": [],
            "ebs_optimized": false,
            "ephemeral_block_device": [],
            "get_password_data": false,
            "hibernation": false,
            "host_id": null,
            "iam_instance_profile": "latest-master-profile",
            "id": "i-093efa378c5383b61",
            "instance_initiated_shutdown_behavior": null,
            "instance_state": "running",
            "instance_type": "m5.xlarge",
            "ipv6_address_count": 0,
            "ipv6_addresses": [],
            "key_name": "",
            "metadata_options": [
              {
                "http_endpoint": "enabled",
                "http_put_response_hop_limit": 1,
                "http_tokens": "optional"
              }
            ],
            "monitoring": false,
            "network_interface": [],
            "outpost_arn": "",
            "password_data": "",
            "placement_group": "",
            "primary_network_interface_id": "eni-0f770bcf51048c562",
            "private_dns": "ip-10-0-1-88.us-gov-west-1.compute.internal",
            "private_ip": "10.0.1.88",
            "public_dns": "",
            "public_ip": "",
            "root_block_device": [
              {
                "delete_on_termination": true,
                "device_name": "/dev/sda1",
                "encrypted": false,
                "iops": 360,
                "kms_key_id": "",
                "volume_id": "vol-0b15495240563affc",
                "volume_size": 120,
                "volume_type": "gp2"
              }
            ],
            "secondary_private_ips": [],
            "security_groups": [],
            "source_dest_check": true,
            "subnet_id": "subnet-0d226281b819994b1",
            "tags": {
              "Name": "latest-bootstrap-node",
              "kubernetes.io/cluster/latest": "owned"
            },
            "tenancy": "default",
            "timeouts": null,
            "user_data": "a4981fb01c2efdd575ef9010e4af2e1623a719d5",
            "user_data_base64": null,
            "volume_tags": {},
            "vpc_security_group_ids": [
              "sg-03532ba7c668b761c"
            ]
          },
          "private": "eyJlMmJmYjczMC1lY2FhLTExZTYtOGY4OC0zNDM2M2JjN2M0YzAiOnsiY3JlYXRlIjo2MDAwMDAwMDAwMDAsImRlbGV0ZSI6MTIwMDAwMDAwMDAwMCwidXBkYXRlIjo2MDAwMDAwMDAwMDB9LCJzY2hlbWFfdmVyc2lvbiI6IjEifQ==",
          "dependencies": [
            "data.aws_security_group.master-sg"
          ]
        }
      ]
    },
    {
      "mode": "managed",
      "type": "aws_instance",
      "name": "master-nodes",
      "provider": "provider[\"registry.terraform.io/hashicorp/aws\"]",
      "instances": [
        {
          "index_key": 0,
          "schema_version": 1,
          "attributes": {
            "ami": "ami-e06e5081",
            "arn": "arn:aws-us-gov:ec2:us-gov-west-1:781679968553:instance/i-0302c602ae4581d09",
            "associate_public_ip_address": false,
            "availability_zone": "us-gov-west-1a",
            "cpu_core_count": 2,
            "cpu_threads_per_core": 2,
            "credit_specification": [],
            "disable_api_termination": false,
            "ebs_block_device": [],
            "ebs_optimized": false,
            "ephemeral_block_device": [],
            "get_password_data": false,
            "hibernation": false,
            "host_id": null,
            "iam_instance_profile": "latest-master-profile",
            "id": "i-0302c602ae4581d09",
            "instance_initiated_shutdown_behavior": null,
            "instance_state": "running",
            "instance_type": "m5.xlarge",
            "ipv6_address_count": 0,
            "ipv6_addresses": [],
            "key_name": "",
            "metadata_options": [
              {
                "http_endpoint": "enabled",
                "http_put_response_hop_limit": 1,
                "http_tokens": "optional"
              }
            ],
            "monitoring": false,
            "network_interface": [],
            "outpost_arn": "",
            "password_data": "",
            "placement_group": "",
            "primary_network_interface_id": "eni-0c489cea0369ba81e",
            "private_dns": "ip-10-0-1-190.us-gov-west-1.compute.internal",
            "private_ip": "10.0.1.190",
            "public_dns": "",
            "public_ip": "",
            "root_block_device": [
              {
                "delete_on_termination": true,
                "device_name": "/dev/sda1",
                "encrypted": false,
                "iops": 360,
                "kms_key_id": "",
                "volume_id": "vol-094fc0a02e57a1267",
                "volume_size": 120,
                "volume_type": "gp2"
              }
            ],
            "secondary_private_ips": [],
            "security_groups": [],
            "source_dest_check": true,
            "subnet_id": "subnet-0d226281b819994b1",
            "tags": {
              "Name": "latest-master-0",
              "kubernetes.io/cluster/latest": "owned"
            },
            "tenancy": "default",
            "timeouts": null,
            "user_data": "cf3c6e76a15685cfe8bf486c731c06cb97d7e444",
            "user_data_base64": null,
            "volume_tags": {},
            "vpc_security_group_ids": [
              "sg-03532ba7c668b761c"
            ]
          },
          "private": "eyJlMmJmYjczMC1lY2FhLTExZTYtOGY4OC0zNDM2M2JjN2M0YzAiOnsiY3JlYXRlIjo2MDAwMDAwMDAwMDAsImRlbGV0ZSI6MTIwMDAwMDAwMDAwMCwidXBkYXRlIjo2MDAwMDAwMDAwMDB9LCJzY2hlbWFfdmVyc2lvbiI6IjEifQ==",
          "dependencies": [
            "data.aws_security_group.master-sg"
          ]
        },
        {
          "index_key": 1,
          "schema_version": 1,
          "attributes": {
            "ami": "ami-e06e5081",
            "arn": "arn:aws-us-gov:ec2:us-gov-west-1:781679968553:instance/i-0f54ea9d9a04f97f8",
            "associate_public_ip_address": false,
            "availability_zone": "us-gov-west-1b",
            "cpu_core_count": 2,
            "cpu_threads_per_core": 2,
            "credit_specification": [],
            "disable_api_termination": false,
            "ebs_block_device": [],
            "ebs_optimized": false,
            "ephemeral_block_device": [],
            "get_password_data": false,
            "hibernation": false,
            "host_id": null,
            "iam_instance_profile": "latest-master-profile",
            "id": "i-0f54ea9d9a04f97f8",
            "instance_initiated_shutdown_behavior": null,
            "instance_state": "running",
            "instance_type": "m5.xlarge",
            "ipv6_address_count": 0,
            "ipv6_addresses": [],
            "key_name": "",
            "metadata_options": [
              {
                "http_endpoint": "enabled",
                "http_put_response_hop_limit": 1,
                "http_tokens": "optional"
              }
            ],
            "monitoring": false,
            "network_interface": [],
            "outpost_arn": "",
            "password_data": "",
            "placement_group": "",
            "primary_network_interface_id": "eni-0b80b10fd2429b80a",
            "private_dns": "ip-10-0-2-168.us-gov-west-1.compute.internal",
            "private_ip": "10.0.2.168",
            "public_dns": "",
            "public_ip": "",
            "root_block_device": [
              {
                "delete_on_termination": true,
                "device_name": "/dev/sda1",
                "encrypted": false,
                "iops": 360,
                "kms_key_id": "",
                "volume_id": "vol-0601b36dfd55fd4f9",
                "volume_size": 120,
                "volume_type": "gp2"
              }
            ],
            "secondary_private_ips": [],
            "security_groups": [],
            "source_dest_check": true,
            "subnet_id": "subnet-0c6ccb2b13299ea9a",
            "tags": {
              "Name": "latest-master-1",
              "kubernetes.io/cluster/latest": "owned"
            },
            "tenancy": "default",
            "timeouts": null,
            "user_data": "cf3c6e76a15685cfe8bf486c731c06cb97d7e444",
            "user_data_base64": null,
            "volume_tags": {},
            "vpc_security_group_ids": [
              "sg-03532ba7c668b761c"
            ]
          },
          "private": "eyJlMmJmYjczMC1lY2FhLTExZTYtOGY4OC0zNDM2M2JjN2M0YzAiOnsiY3JlYXRlIjo2MDAwMDAwMDAwMDAsImRlbGV0ZSI6MTIwMDAwMDAwMDAwMCwidXBkYXRlIjo2MDAwMDAwMDAwMDB9LCJzY2hlbWFfdmVyc2lvbiI6IjEifQ==",
          "dependencies": [
            "data.aws_security_group.master-sg"
          ]
        },
        {
          "index_key": 2,
          "schema_version": 1,
          "attributes": {
            "ami": "ami-e06e5081",
            "arn": "arn:aws-us-gov:ec2:us-gov-west-1:781679968553:instance/i-07e9e80bc75dedd97",
            "associate_public_ip_address": false,
            "availability_zone": "us-gov-west-1c",
            "cpu_core_count": 2,
            "cpu_threads_per_core": 2,
            "credit_specification": [],
            "disable_api_termination": false,
            "ebs_block_device": [],
            "ebs_optimized": false,
            "ephemeral_block_device": [],
            "get_password_data": false,
            "hibernation": false,
            "host_id": null,
            "iam_instance_profile": "latest-master-profile",
            "id": "i-07e9e80bc75dedd97",
            "instance_initiated_shutdown_behavior": null,
            "instance_state": "running",
            "instance_type": "m5.xlarge",
            "ipv6_address_count": 0,
            "ipv6_addresses": [],
            "key_name": "",
            "metadata_options": [
              {
                "http_endpoint": "enabled",
                "http_put_response_hop_limit": 1,
                "http_tokens": "optional"
              }
            ],
            "monitoring": false,
            "network_interface": [],
            "outpost_arn": "",
            "password_data": "",
            "placement_group": "",
            "primary_network_interface_id": "eni-018dffe5e95c4c913",
            "private_dns": "ip-10-0-3-18.us-gov-west-1.compute.internal",
            "private_ip": "10.0.3.18",
            "public_dns": "",
            "public_ip": "",
            "root_block_device": [
              {
                "delete_on_termination": true,
                "device_name": "/dev/sda1",
                "encrypted": false,
                "iops": 360,
                "kms_key_id": "",
                "volume_id": "vol-03e293d139abd079f",
                "volume_size": 120,
                "volume_type": "gp2"
              }
            ],
            "secondary_private_ips": [],
            "security_groups": [],
            "source_dest_check": true,
            "subnet_id": "subnet-00ab5207947fc57d4",
            "tags": {
              "Name": "latest-master-2",
              "kubernetes.io/cluster/latest": "owned"
            },
            "tenancy": "default",
            "timeouts": null,
            "user_data": "cf3c6e76a15685cfe8bf486c731c06cb97d7e444",
            "user_data_base64": null,
            "volume_tags": {},
            "vpc_security_group_ids": [
              "sg-03532ba7c668b761c"
            ]
          },
          "private": "eyJlMmJmYjczMC1lY2FhLTExZTYtOGY4OC0zNDM2M2JjN2M0YzAiOnsiY3JlYXRlIjo2MDAwMDAwMDAwMDAsImRlbGV0ZSI6MTIwMDAwMDAwMDAwMCwidXBkYXRlIjo2MDAwMDAwMDAwMDB9LCJzY2hlbWFfdmVyc2lvbiI6IjEifQ==",
          "dependencies": [
            "data.aws_security_group.master-sg"
          ]
        }
      ]
    }
  ]
}
