{
  "version": 4,
  "terraform_version": "0.13.0",
  "serial": 43,
  "lineage": "22b8abfa-66f4-4a6d-898c-4baf2829ddb7",
  "outputs": {
    "master_nodes_ids": {
      "value": [
        "i-0fff4ebb11af5eb18",
        "i-02029cdb3e1cbc46d",
        "i-09e6552339272677a"
      ],
      "type": [
        "tuple",
        [
          "string",
          "string",
          "string"
        ]
      ]
    },
    "master_private_ips": {
      "value": [
        "10.0.1.44",
        "10.0.2.43",
        "10.0.3.44"
      ],
      "type": [
        "tuple",
        [
          "string",
          "string",
          "string"
        ]
      ]
    }
  },
  "resources": [
    {
      "mode": "data",
      "type": "aws_lb_target_group",
      "name": "int_22623_tg",
      "provider": "provider[\"registry.terraform.io/hashicorp/aws\"]",
      "instances": [
        {
          "schema_version": 0,
          "attributes": {
            "arn": "arn:aws-us-gov:elasticloadbalancing:us-gov-west-1:781679968553:targetgroup/qubinode-22623-int-tg/9f9dedf4f9b1b03c",
            "arn_suffix": "targetgroup/qubinode-22623-int-tg/9f9dedf4f9b1b03c",
            "deregistration_delay": null,
            "health_check": [
              {
                "enabled": true,
                "healthy_threshold": 3,
                "interval": 30,
                "matcher": "",
                "path": "",
                "port": "traffic-port",
                "protocol": "TCP",
                "timeout": 10,
                "unhealthy_threshold": 3
              }
            ],
            "id": "arn:aws-us-gov:elasticloadbalancing:us-gov-west-1:781679968553:targetgroup/qubinode-22623-int-tg/9f9dedf4f9b1b03c",
            "lambda_multi_value_headers_enabled": null,
            "load_balancing_algorithm_type": null,
            "name": "qubinode-22623-int-tg",
            "port": 22623,
            "protocol": "TCP",
            "proxy_protocol_v2": false,
            "slow_start": null,
            "stickiness": [],
            "tags": {},
            "target_type": "ip",
            "vpc_id": "vpc-09f49b420d944ab0e"
          }
        }
      ]
    },
    {
      "mode": "data",
      "type": "aws_lb_target_group",
      "name": "int_6443_tg",
      "provider": "provider[\"registry.terraform.io/hashicorp/aws\"]",
      "instances": [
        {
          "schema_version": 0,
          "attributes": {
            "arn": "arn:aws-us-gov:elasticloadbalancing:us-gov-west-1:781679968553:targetgroup/qubinode-6443-int-tg/b9948b4da0a0c581",
            "arn_suffix": "targetgroup/qubinode-6443-int-tg/b9948b4da0a0c581",
            "deregistration_delay": null,
            "health_check": [
              {
                "enabled": true,
                "healthy_threshold": 3,
                "interval": 30,
                "matcher": "",
                "path": "",
                "port": "traffic-port",
                "protocol": "TCP",
                "timeout": 10,
                "unhealthy_threshold": 3
              }
            ],
            "id": "arn:aws-us-gov:elasticloadbalancing:us-gov-west-1:781679968553:targetgroup/qubinode-6443-int-tg/b9948b4da0a0c581",
            "lambda_multi_value_headers_enabled": null,
            "load_balancing_algorithm_type": null,
            "name": "qubinode-6443-int-tg",
            "port": 6443,
            "protocol": "TCP",
            "proxy_protocol_v2": false,
            "slow_start": null,
            "stickiness": [],
            "tags": {},
            "target_type": "ip",
            "vpc_id": "vpc-09f49b420d944ab0e"
          }
        }
      ]
    },
    {
      "mode": "data",
      "type": "aws_security_group",
      "name": "master-sg",
      "provider": "provider[\"registry.terraform.io/hashicorp/aws\"]",
      "instances": [
        {
          "schema_version": 0,
          "attributes": {
            "arn": "arn:aws-us-gov:ec2:us-gov-west-1:781679968553:security-group/sg-06a951265e37b8d54",
            "description": "Managed by Terraform",
            "filter": [
              {
                "name": "tag:Name",
                "values": [
                  "qubinode-master-sg"
                ]
              }
            ],
            "id": "sg-06a951265e37b8d54",
            "name": "qubinode-master-sg",
            "tags": {
              "Name": "qubinode-master-sg",
              "kubernetes.io/cluster/qubinode": "owned"
            },
            "vpc_id": "vpc-09f49b420d944ab0e"
          }
        }
      ]
    },
    {
      "mode": "managed",
      "type": "aws_instance",
      "name": "bootstrap-node",
      "provider": "provider[\"registry.terraform.io/hashicorp/aws\"]",
      "instances": [
        {
          "schema_version": 1,
          "attributes": {
            "ami": "ami-e06e5081",
            "arn": "arn:aws-us-gov:ec2:us-gov-west-1:781679968553:instance/i-032f91beeea71132c",
            "associate_public_ip_address": false,
            "availability_zone": "us-gov-west-1a",
            "cpu_core_count": 2,
            "cpu_threads_per_core": 2,
            "credit_specification": [],
            "disable_api_termination": false,
            "ebs_block_device": [],
            "ebs_optimized": false,
            "ephemeral_block_device": [],
            "get_password_data": false,
            "hibernation": false,
            "host_id": null,
            "iam_instance_profile": "qubinode-master-profile",
            "id": "i-032f91beeea71132c",
            "instance_initiated_shutdown_behavior": null,
            "instance_state": "running",
            "instance_type": "m5.xlarge",
            "ipv6_address_count": 0,
            "ipv6_addresses": [],
            "key_name": "",
            "metadata_options": [
              {
                "http_endpoint": "enabled",
                "http_put_response_hop_limit": 1,
                "http_tokens": "optional"
              }
            ],
            "monitoring": false,
            "network_interface": [],
            "outpost_arn": "",
            "password_data": "",
            "placement_group": "",
            "primary_network_interface_id": "eni-08466a9ca18c99a49",
            "private_dns": "ip-10-0-1-187.us-gov-west-1.compute.internal",
            "private_ip": "10.0.1.187",
            "public_dns": "",
            "public_ip": "",
            "root_block_device": [
              {
                "delete_on_termination": true,
                "device_name": "/dev/sda1",
                "encrypted": false,
                "iops": 360,
                "kms_key_id": "",
                "volume_id": "vol-09a3ee84a3e0c2416",
                "volume_size": 120,
                "volume_type": "gp2"
              }
            ],
            "secondary_private_ips": [],
            "security_groups": [],
            "source_dest_check": true,
            "subnet_id": "subnet-098269967e01bde1d",
            "tags": {
              "Name": "qubinode-bootstrap-node",
              "kubernetes.io/cluster/qubinode": "owned"
            },
            "tenancy": "default",
            "timeouts": null,
            "user_data": "3ed90a88b9cddb96d5b11fe4de863722c4ce9df8",
            "user_data_base64": null,
            "volume_tags": {},
            "vpc_security_group_ids": [
              "sg-06a951265e37b8d54"
            ]
          },
          "private": "eyJlMmJmYjczMC1lY2FhLTExZTYtOGY4OC0zNDM2M2JjN2M0YzAiOnsiY3JlYXRlIjo2MDAwMDAwMDAwMDAsImRlbGV0ZSI6MTIwMDAwMDAwMDAwMCwidXBkYXRlIjo2MDAwMDAwMDAwMDB9LCJzY2hlbWFfdmVyc2lvbiI6IjEifQ==",
          "dependencies": [
            "data.aws_security_group.master-sg"
          ]
        }
      ]
    },
    {
      "mode": "managed",
      "type": "aws_instance",
      "name": "master-nodes",
      "provider": "provider[\"registry.terraform.io/hashicorp/aws\"]",
      "instances": [
        {
          "index_key": 0,
          "schema_version": 1,
          "attributes": {
            "ami": "ami-e06e5081",
            "arn": "arn:aws-us-gov:ec2:us-gov-west-1:781679968553:instance/i-0fff4ebb11af5eb18",
            "associate_public_ip_address": false,
            "availability_zone": "us-gov-west-1a",
            "cpu_core_count": 2,
            "cpu_threads_per_core": 2,
            "credit_specification": [],
            "disable_api_termination": false,
            "ebs_block_device": [],
            "ebs_optimized": false,
            "ephemeral_block_device": [],
            "get_password_data": false,
            "hibernation": false,
            "host_id": null,
            "iam_instance_profile": "qubinode-master-profile",
            "id": "i-0fff4ebb11af5eb18",
            "instance_initiated_shutdown_behavior": null,
            "instance_state": "running",
            "instance_type": "m5.xlarge",
            "ipv6_address_count": 0,
            "ipv6_addresses": [],
            "key_name": "",
            "metadata_options": [
              {
                "http_endpoint": "enabled",
                "http_put_response_hop_limit": 1,
                "http_tokens": "optional"
              }
            ],
            "monitoring": false,
            "network_interface": [],
            "outpost_arn": "",
            "password_data": "",
            "placement_group": "",
            "primary_network_interface_id": "eni-00d4db6db7e90e68e",
            "private_dns": "ip-10-0-1-44.us-gov-west-1.compute.internal",
            "private_ip": "10.0.1.44",
            "public_dns": "",
            "public_ip": "",
            "root_block_device": [
              {
                "delete_on_termination": true,
                "device_name": "/dev/sda1",
                "encrypted": false,
                "iops": 360,
                "kms_key_id": "",
                "volume_id": "vol-085edcfb03be5aedf",
                "volume_size": 120,
                "volume_type": "gp2"
              }
            ],
            "secondary_private_ips": [],
            "security_groups": [],
            "source_dest_check": true,
            "subnet_id": "subnet-098269967e01bde1d",
            "tags": {
              "Name": "qubinode-master-0",
              "kubernetes.io/cluster/qubinode": "owned"
            },
            "tenancy": "default",
            "timeouts": null,
            "user_data": "65ef84553df0c54b917701ec1f1003d009719abc",
            "user_data_base64": null,
            "volume_tags": {},
            "vpc_security_group_ids": [
              "sg-06a951265e37b8d54"
            ]
          },
          "private": "eyJlMmJmYjczMC1lY2FhLTExZTYtOGY4OC0zNDM2M2JjN2M0YzAiOnsiY3JlYXRlIjo2MDAwMDAwMDAwMDAsImRlbGV0ZSI6MTIwMDAwMDAwMDAwMCwidXBkYXRlIjo2MDAwMDAwMDAwMDB9LCJzY2hlbWFfdmVyc2lvbiI6IjEifQ==",
          "dependencies": [
            "data.aws_security_group.master-sg"
          ]
        },
        {
          "index_key": 1,
          "schema_version": 1,
          "attributes": {
            "ami": "ami-e06e5081",
            "arn": "arn:aws-us-gov:ec2:us-gov-west-1:781679968553:instance/i-02029cdb3e1cbc46d",
            "associate_public_ip_address": false,
            "availability_zone": "us-gov-west-1b",
            "cpu_core_count": 2,
            "cpu_threads_per_core": 2,
            "credit_specification": [],
            "disable_api_termination": false,
            "ebs_block_device": [],
            "ebs_optimized": false,
            "ephemeral_block_device": [],
            "get_password_data": false,
            "hibernation": false,
            "host_id": null,
            "iam_instance_profile": "qubinode-master-profile",
            "id": "i-02029cdb3e1cbc46d",
            "instance_initiated_shutdown_behavior": null,
            "instance_state": "running",
            "instance_type": "m5.xlarge",
            "ipv6_address_count": 0,
            "ipv6_addresses": [],
            "key_name": "",
            "metadata_options": [
              {
                "http_endpoint": "enabled",
                "http_put_response_hop_limit": 1,
                "http_tokens": "optional"
              }
            ],
            "monitoring": false,
            "network_interface": [],
            "outpost_arn": "",
            "password_data": "",
            "placement_group": "",
            "primary_network_interface_id": "eni-0a44f56104b6517e3",
            "private_dns": "ip-10-0-2-43.us-gov-west-1.compute.internal",
            "private_ip": "10.0.2.43",
            "public_dns": "",
            "public_ip": "",
            "root_block_device": [
              {
                "delete_on_termination": true,
                "device_name": "/dev/sda1",
                "encrypted": false,
                "iops": 360,
                "kms_key_id": "",
                "volume_id": "vol-0cbb6e60d746c6b18",
                "volume_size": 120,
                "volume_type": "gp2"
              }
            ],
            "secondary_private_ips": [],
            "security_groups": [],
            "source_dest_check": true,
            "subnet_id": "subnet-0eed1d94f804a6d83",
            "tags": {
              "Name": "qubinode-master-1",
              "kubernetes.io/cluster/qubinode": "owned"
            },
            "tenancy": "default",
            "timeouts": null,
            "user_data": "65ef84553df0c54b917701ec1f1003d009719abc",
            "user_data_base64": null,
            "volume_tags": {},
            "vpc_security_group_ids": [
              "sg-06a951265e37b8d54"
            ]
          },
          "private": "eyJlMmJmYjczMC1lY2FhLTExZTYtOGY4OC0zNDM2M2JjN2M0YzAiOnsiY3JlYXRlIjo2MDAwMDAwMDAwMDAsImRlbGV0ZSI6MTIwMDAwMDAwMDAwMCwidXBkYXRlIjo2MDAwMDAwMDAwMDB9LCJzY2hlbWFfdmVyc2lvbiI6IjEifQ==",
          "dependencies": [
            "data.aws_security_group.master-sg"
          ]
        },
        {
          "index_key": 2,
          "schema_version": 1,
          "attributes": {
            "ami": "ami-e06e5081",
            "arn": "arn:aws-us-gov:ec2:us-gov-west-1:781679968553:instance/i-09e6552339272677a",
            "associate_public_ip_address": false,
            "availability_zone": "us-gov-west-1c",
            "cpu_core_count": 2,
            "cpu_threads_per_core": 2,
            "credit_specification": [],
            "disable_api_termination": false,
            "ebs_block_device": [],
            "ebs_optimized": false,
            "ephemeral_block_device": [],
            "get_password_data": false,
            "hibernation": false,
            "host_id": null,
            "iam_instance_profile": "qubinode-master-profile",
            "id": "i-09e6552339272677a",
            "instance_initiated_shutdown_behavior": null,
            "instance_state": "running",
            "instance_type": "m5.xlarge",
            "ipv6_address_count": 0,
            "ipv6_addresses": [],
            "key_name": "",
            "metadata_options": [
              {
                "http_endpoint": "enabled",
                "http_put_response_hop_limit": 1,
                "http_tokens": "optional"
              }
            ],
            "monitoring": false,
            "network_interface": [],
            "outpost_arn": "",
            "password_data": "",
            "placement_group": "",
            "primary_network_interface_id": "eni-0469972044c5c0078",
            "private_dns": "ip-10-0-3-44.us-gov-west-1.compute.internal",
            "private_ip": "10.0.3.44",
            "public_dns": "",
            "public_ip": "",
            "root_block_device": [
              {
                "delete_on_termination": true,
                "device_name": "/dev/sda1",
                "encrypted": false,
                "iops": 360,
                "kms_key_id": "",
                "volume_id": "vol-02c1e4e1f83c82470",
                "volume_size": 120,
                "volume_type": "gp2"
              }
            ],
            "secondary_private_ips": [],
            "security_groups": [],
            "source_dest_check": true,
            "subnet_id": "subnet-084ae5e1b4664d57b",
            "tags": {
              "Name": "qubinode-master-2",
              "kubernetes.io/cluster/qubinode": "owned"
            },
            "tenancy": "default",
            "timeouts": null,
            "user_data": "65ef84553df0c54b917701ec1f1003d009719abc",
            "user_data_base64": null,
            "volume_tags": {},
            "vpc_security_group_ids": [
              "sg-06a951265e37b8d54"
            ]
          },
          "private": "eyJlMmJmYjczMC1lY2FhLTExZTYtOGY4OC0zNDM2M2JjN2M0YzAiOnsiY3JlYXRlIjo2MDAwMDAwMDAwMDAsImRlbGV0ZSI6MTIwMDAwMDAwMDAwMCwidXBkYXRlIjo2MDAwMDAwMDAwMDB9LCJzY2hlbWFfdmVyc2lvbiI6IjEifQ==",
          "dependencies": [
            "data.aws_security_group.master-sg"
          ]
        }
      ]
    },
    {
      "mode": "managed",
      "type": "aws_lb_target_group_attachment",
      "name": "bootstrap_22623",
      "provider": "provider[\"registry.terraform.io/hashicorp/aws\"]",
      "instances": [
        {
          "schema_version": 0,
          "attributes": {
            "availability_zone": null,
            "id": "arn:aws-us-gov:elasticloadbalancing:us-gov-west-1:781679968553:targetgroup/qubinode-22623-int-tg/9f9dedf4f9b1b03c-20200815222210001100000001",
            "port": null,
            "target_group_arn": "arn:aws-us-gov:elasticloadbalancing:us-gov-west-1:781679968553:targetgroup/qubinode-22623-int-tg/9f9dedf4f9b1b03c",
            "target_id": "10.0.1.187"
          },
          "private": "bnVsbA==",
          "dependencies": [
            "aws_instance.bootstrap-node",
            "data.aws_lb_target_group.int_22623_tg",
            "data.aws_security_group.master-sg"
          ]
        }
      ]
    },
    {
      "mode": "managed",
      "type": "aws_lb_target_group_attachment",
      "name": "bootstrap_6443",
      "provider": "provider[\"registry.terraform.io/hashicorp/aws\"]",
      "instances": [
        {
          "schema_version": 0,
          "attributes": {
            "availability_zone": null,
            "id": "arn:aws-us-gov:elasticloadbalancing:us-gov-west-1:781679968553:targetgroup/qubinode-6443-int-tg/b9948b4da0a0c581-20200815222210043600000002",
            "port": null,
            "target_group_arn": "arn:aws-us-gov:elasticloadbalancing:us-gov-west-1:781679968553:targetgroup/qubinode-6443-int-tg/b9948b4da0a0c581",
            "target_id": "10.0.1.187"
          },
          "private": "bnVsbA==",
          "dependencies": [
            "aws_instance.bootstrap-node",
            "data.aws_lb_target_group.int_6443_tg",
            "data.aws_security_group.master-sg"
          ]
        }
      ]
    },
    {
      "mode": "managed",
      "type": "aws_lb_target_group_attachment",
      "name": "master_22623",
      "provider": "provider[\"registry.terraform.io/hashicorp/aws\"]",
      "instances": [
        {
          "index_key": 0,
          "schema_version": 0,
          "attributes": {
            "availability_zone": null,
            "id": "arn:aws-us-gov:elasticloadbalancing:us-gov-west-1:781679968553:targetgroup/qubinode-22623-int-tg/9f9dedf4f9b1b03c-20200815222210371200000005",
            "port": null,
            "target_group_arn": "arn:aws-us-gov:elasticloadbalancing:us-gov-west-1:781679968553:targetgroup/qubinode-22623-int-tg/9f9dedf4f9b1b03c",
            "target_id": "10.0.1.44"
          },
          "private": "bnVsbA==",
          "dependencies": [
            "aws_instance.master-nodes",
            "data.aws_lb_target_group.int_22623_tg",
            "data.aws_security_group.master-sg"
          ]
        },
        {
          "index_key": 1,
          "schema_version": 0,
          "attributes": {
            "availability_zone": null,
            "id": "arn:aws-us-gov:elasticloadbalancing:us-gov-west-1:781679968553:targetgroup/qubinode-22623-int-tg/9f9dedf4f9b1b03c-20200815222210128900000004",
            "port": null,
            "target_group_arn": "arn:aws-us-gov:elasticloadbalancing:us-gov-west-1:781679968553:targetgroup/qubinode-22623-int-tg/9f9dedf4f9b1b03c",
            "target_id": "10.0.2.43"
          },
          "private": "bnVsbA==",
          "dependencies": [
            "aws_instance.master-nodes",
            "data.aws_lb_target_group.int_22623_tg",
            "data.aws_security_group.master-sg"
          ]
        },
        {
          "index_key": 2,
          "schema_version": 0,
          "attributes": {
            "availability_zone": null,
            "id": "arn:aws-us-gov:elasticloadbalancing:us-gov-west-1:781679968553:targetgroup/qubinode-22623-int-tg/9f9dedf4f9b1b03c-20200815222210103500000003",
            "port": null,
            "target_group_arn": "arn:aws-us-gov:elasticloadbalancing:us-gov-west-1:781679968553:targetgroup/qubinode-22623-int-tg/9f9dedf4f9b1b03c",
            "target_id": "10.0.3.44"
          },
          "private": "bnVsbA==",
          "dependencies": [
            "aws_instance.master-nodes",
            "data.aws_lb_target_group.int_22623_tg",
            "data.aws_security_group.master-sg"
          ]
        }
      ]
    },
    {
      "mode": "managed",
      "type": "aws_lb_target_group_attachment",
      "name": "master_6443",
      "provider": "provider[\"registry.terraform.io/hashicorp/aws\"]",
      "instances": [
        {
          "index_key": 0,
          "schema_version": 0,
          "attributes": {
            "availability_zone": null,
            "id": "arn:aws-us-gov:elasticloadbalancing:us-gov-west-1:781679968553:targetgroup/qubinode-6443-int-tg/b9948b4da0a0c581-20200815222210455900000006",
            "port": null,
            "target_group_arn": "arn:aws-us-gov:elasticloadbalancing:us-gov-west-1:781679968553:targetgroup/qubinode-6443-int-tg/b9948b4da0a0c581",
            "target_id": "10.0.1.44"
          },
          "private": "bnVsbA==",
          "dependencies": [
            "aws_instance.master-nodes",
            "data.aws_lb_target_group.int_6443_tg",
            "data.aws_security_group.master-sg"
          ]
        },
        {
          "index_key": 1,
          "schema_version": 0,
          "attributes": {
            "availability_zone": null,
            "id": "arn:aws-us-gov:elasticloadbalancing:us-gov-west-1:781679968553:targetgroup/qubinode-6443-int-tg/b9948b4da0a0c581-20200815222211113300000007",
            "port": null,
            "target_group_arn": "arn:aws-us-gov:elasticloadbalancing:us-gov-west-1:781679968553:targetgroup/qubinode-6443-int-tg/b9948b4da0a0c581",
            "target_id": "10.0.2.43"
          },
          "private": "bnVsbA==",
          "dependencies": [
            "aws_instance.master-nodes",
            "data.aws_lb_target_group.int_6443_tg",
            "data.aws_security_group.master-sg"
          ]
        },
        {
          "index_key": 2,
          "schema_version": 0,
          "attributes": {
            "availability_zone": null,
            "id": "arn:aws-us-gov:elasticloadbalancing:us-gov-west-1:781679968553:targetgroup/qubinode-6443-int-tg/b9948b4da0a0c581-20200815222212128300000008",
            "port": null,
            "target_group_arn": "arn:aws-us-gov:elasticloadbalancing:us-gov-west-1:781679968553:targetgroup/qubinode-6443-int-tg/b9948b4da0a0c581",
            "target_id": "10.0.3.44"
          },
          "private": "bnVsbA==",
          "dependencies": [
            "aws_instance.master-nodes",
            "data.aws_lb_target_group.int_6443_tg",
            "data.aws_security_group.master-sg"
          ]
        }
      ]
    }
  ]
}
