{
  "version": 4,
  "terraform_version": "0.13.0",
  "serial": 25,
  "lineage": "4e509428-39b4-0d0c-4a35-67bd5fffc264",
  "outputs": {
    "control_plane_int": {
      "value": "latest-int-e0925caa823c0e27.elb.us-gov-west-1.amazonaws.com",
      "type": "string"
    }
  },
  "resources": [
    {
      "mode": "data",
      "type": "aws_subnet",
      "name": "private_subnet",
      "provider": "provider[\"registry.terraform.io/hashicorp/aws\"]",
      "instances": [
        {
          "index_key": 0,
          "schema_version": 0,
          "attributes": {
            "arn": "arn:aws-us-gov:ec2:us-gov-west-1:781679968553:subnet/subnet-0d226281b819994b1",
            "assign_ipv6_address_on_creation": false,
            "availability_zone": "us-gov-west-1a",
            "availability_zone_id": "usgw1-az1",
            "cidr_block": "10.0.1.0/24",
            "default_for_az": false,
            "filter": null,
            "id": "subnet-0d226281b819994b1",
            "ipv6_cidr_block": null,
            "ipv6_cidr_block_association_id": null,
            "map_public_ip_on_launch": false,
            "outpost_arn": "",
            "owner_id": "781679968553",
            "state": "available",
            "tags": {
              "Name": "latest-private-us-gov-west-1a",
              "kubernetes.io/cluster/latest": "owned"
            },
            "vpc_id": "vpc-0a735dc9ff074a98d"
          }
        },
        {
          "index_key": 1,
          "schema_version": 0,
          "attributes": {
            "arn": "arn:aws-us-gov:ec2:us-gov-west-1:781679968553:subnet/subnet-0c6ccb2b13299ea9a",
            "assign_ipv6_address_on_creation": false,
            "availability_zone": "us-gov-west-1b",
            "availability_zone_id": "usgw1-az2",
            "cidr_block": "10.0.2.0/24",
            "default_for_az": false,
            "filter": null,
            "id": "subnet-0c6ccb2b13299ea9a",
            "ipv6_cidr_block": null,
            "ipv6_cidr_block_association_id": null,
            "map_public_ip_on_launch": false,
            "outpost_arn": "",
            "owner_id": "781679968553",
            "state": "available",
            "tags": {
              "Name": "latest-private-us-gov-west-1b",
              "kubernetes.io/cluster/latest": "owned"
            },
            "vpc_id": "vpc-0a735dc9ff074a98d"
          }
        },
        {
          "index_key": 2,
          "schema_version": 0,
          "attributes": {
            "arn": "arn:aws-us-gov:ec2:us-gov-west-1:781679968553:subnet/subnet-00ab5207947fc57d4",
            "assign_ipv6_address_on_creation": false,
            "availability_zone": "us-gov-west-1c",
            "availability_zone_id": "usgw1-az3",
            "cidr_block": "10.0.3.0/24",
            "default_for_az": false,
            "filter": null,
            "id": "subnet-00ab5207947fc57d4",
            "ipv6_cidr_block": null,
            "ipv6_cidr_block_association_id": null,
            "map_public_ip_on_launch": false,
            "outpost_arn": "",
            "owner_id": "781679968553",
            "state": "available",
            "tags": {
              "Name": "latest-private-us-gov-west-1c",
              "kubernetes.io/cluster/latest": "owned"
            },
            "vpc_id": "vpc-0a735dc9ff074a98d"
          }
        }
      ]
    },
    {
      "mode": "managed",
      "type": "aws_lb",
      "name": "control_plane_int",
      "provider": "provider[\"registry.terraform.io/hashicorp/aws\"]",
      "instances": [
        {
          "schema_version": 0,
          "attributes": {
            "access_logs": [
              {
                "bucket": "",
                "enabled": false,
                "prefix": ""
              }
            ],
            "arn": "arn:aws-us-gov:elasticloadbalancing:us-gov-west-1:781679968553:loadbalancer/net/latest-int/e0925caa823c0e27",
            "arn_suffix": "net/latest-int/e0925caa823c0e27",
            "dns_name": "latest-int-e0925caa823c0e27.elb.us-gov-west-1.amazonaws.com",
            "drop_invalid_header_fields": null,
            "enable_cross_zone_load_balancing": false,
            "enable_deletion_protection": false,
            "enable_http2": null,
            "id": "arn:aws-us-gov:elasticloadbalancing:us-gov-west-1:781679968553:loadbalancer/net/latest-int/e0925caa823c0e27",
            "idle_timeout": null,
            "internal": true,
            "ip_address_type": "ipv4",
            "load_balancer_type": "network",
            "name": "latest-int",
            "name_prefix": null,
            "security_groups": [],
            "subnet_mapping": [
              {
                "allocation_id": "",
                "private_ipv4_address": "",
                "subnet_id": "subnet-00ab5207947fc57d4"
              },
              {
                "allocation_id": "",
                "private_ipv4_address": "",
                "subnet_id": "subnet-0c6ccb2b13299ea9a"
              },
              {
                "allocation_id": "",
                "private_ipv4_address": "",
                "subnet_id": "subnet-0d226281b819994b1"
              }
            ],
            "subnets": [
              "subnet-00ab5207947fc57d4",
              "subnet-0c6ccb2b13299ea9a",
              "subnet-0d226281b819994b1"
            ],
            "tags": {
              "Name": "latest-int",
              "kubernetes.io/cluster/latest": "shared"
            },
            "timeouts": null,
            "vpc_id": "vpc-0a735dc9ff074a98d",
            "zone_id": "ZMG1MZ2THAWF1"
          },
          "private": "eyJlMmJmYjczMC1lY2FhLTExZTYtOGY4OC0zNDM2M2JjN2M0YzAiOnsiY3JlYXRlIjo2MDAwMDAwMDAwMDAsImRlbGV0ZSI6NjAwMDAwMDAwMDAwLCJ1cGRhdGUiOjYwMDAwMDAwMDAwMH19",
          "dependencies": [
            "data.aws_subnet.private_subnet"
          ]
        }
      ]
    },
    {
      "mode": "managed",
      "type": "aws_lb_listener",
      "name": "control_plane_int_22623",
      "provider": "provider[\"registry.terraform.io/hashicorp/aws\"]",
      "instances": [
        {
          "schema_version": 0,
          "attributes": {
            "arn": "arn:aws-us-gov:elasticloadbalancing:us-gov-west-1:781679968553:listener/net/latest-int/e0925caa823c0e27/7149f42af84e2e96",
            "certificate_arn": null,
            "default_action": [
              {
                "authenticate_cognito": [],
                "authenticate_oidc": [],
                "fixed_response": [],
                "forward": [],
                "order": 1,
                "redirect": [],
                "target_group_arn": "arn:aws-us-gov:elasticloadbalancing:us-gov-west-1:781679968553:targetgroup/latest-22623-int-tg/9d22536b6e1ba2f8",
                "type": "forward"
              }
            ],
            "id": "arn:aws-us-gov:elasticloadbalancing:us-gov-west-1:781679968553:listener/net/latest-int/e0925caa823c0e27/7149f42af84e2e96",
            "load_balancer_arn": "arn:aws-us-gov:elasticloadbalancing:us-gov-west-1:781679968553:loadbalancer/net/latest-int/e0925caa823c0e27",
            "port": 22623,
            "protocol": "TCP",
            "ssl_policy": "",
            "timeouts": null
          },
          "private": "eyJlMmJmYjczMC1lY2FhLTExZTYtOGY4OC0zNDM2M2JjN2M0YzAiOnsicmVhZCI6NjAwMDAwMDAwMDAwfX0=",
          "dependencies": [
            "aws_lb.control_plane_int",
            "aws_lb_target_group.control_plane_int_22623",
            "data.aws_subnet.private_subnet"
          ]
        }
      ]
    },
    {
      "mode": "managed",
      "type": "aws_lb_listener",
      "name": "control_plane_int_6443",
      "provider": "provider[\"registry.terraform.io/hashicorp/aws\"]",
      "instances": [
        {
          "schema_version": 0,
          "attributes": {
            "arn": "arn:aws-us-gov:elasticloadbalancing:us-gov-west-1:781679968553:listener/net/latest-int/e0925caa823c0e27/5c33e984f466b926",
            "certificate_arn": null,
            "default_action": [
              {
                "authenticate_cognito": [],
                "authenticate_oidc": [],
                "fixed_response": [],
                "forward": [],
                "order": 1,
                "redirect": [],
                "target_group_arn": "arn:aws-us-gov:elasticloadbalancing:us-gov-west-1:781679968553:targetgroup/latest-6443-int-tg/1d10b2d9b09f7231",
                "type": "forward"
              }
            ],
            "id": "arn:aws-us-gov:elasticloadbalancing:us-gov-west-1:781679968553:listener/net/latest-int/e0925caa823c0e27/5c33e984f466b926",
            "load_balancer_arn": "arn:aws-us-gov:elasticloadbalancing:us-gov-west-1:781679968553:loadbalancer/net/latest-int/e0925caa823c0e27",
            "port": 6443,
            "protocol": "TCP",
            "ssl_policy": "",
            "timeouts": null
          },
          "private": "eyJlMmJmYjczMC1lY2FhLTExZTYtOGY4OC0zNDM2M2JjN2M0YzAiOnsicmVhZCI6NjAwMDAwMDAwMDAwfX0=",
          "dependencies": [
            "aws_lb.control_plane_int",
            "aws_lb_target_group.control_plane_int_6443",
            "data.aws_subnet.private_subnet"
          ]
        }
      ]
    },
    {
      "mode": "managed",
      "type": "aws_lb_target_group",
      "name": "control_plane_int_22623",
      "provider": "provider[\"registry.terraform.io/hashicorp/aws\"]",
      "instances": [
        {
          "schema_version": 0,
          "attributes": {
            "arn": "arn:aws-us-gov:elasticloadbalancing:us-gov-west-1:781679968553:targetgroup/latest-22623-int-tg/9d22536b6e1ba2f8",
            "arn_suffix": "targetgroup/latest-22623-int-tg/9d22536b6e1ba2f8",
            "deregistration_delay": 60,
            "health_check": [
              {
                "enabled": true,
                "healthy_threshold": 3,
                "interval": 30,
                "matcher": "",
                "path": "",
                "port": "traffic-port",
                "protocol": "TCP",
                "timeout": 10,
                "unhealthy_threshold": 3
              }
            ],
            "id": "arn:aws-us-gov:elasticloadbalancing:us-gov-west-1:781679968553:targetgroup/latest-22623-int-tg/9d22536b6e1ba2f8",
            "lambda_multi_value_headers_enabled": false,
            "load_balancing_algorithm_type": null,
            "name": "latest-22623-int-tg",
            "name_prefix": null,
            "port": 22623,
            "protocol": "TCP",
            "proxy_protocol_v2": false,
            "slow_start": 0,
            "stickiness": [],
            "tags": null,
            "target_type": "ip",
            "vpc_id": "vpc-0a735dc9ff074a98d"
          },
          "private": "bnVsbA=="
        }
      ]
    },
    {
      "mode": "managed",
      "type": "aws_lb_target_group",
      "name": "control_plane_int_6443",
      "provider": "provider[\"registry.terraform.io/hashicorp/aws\"]",
      "instances": [
        {
          "schema_version": 0,
          "attributes": {
            "arn": "arn:aws-us-gov:elasticloadbalancing:us-gov-west-1:781679968553:targetgroup/latest-6443-int-tg/1d10b2d9b09f7231",
            "arn_suffix": "targetgroup/latest-6443-int-tg/1d10b2d9b09f7231",
            "deregistration_delay": 60,
            "health_check": [
              {
                "enabled": true,
                "healthy_threshold": 3,
                "interval": 30,
                "matcher": "",
                "path": "",
                "port": "traffic-port",
                "protocol": "TCP",
                "timeout": 10,
                "unhealthy_threshold": 3
              }
            ],
            "id": "arn:aws-us-gov:elasticloadbalancing:us-gov-west-1:781679968553:targetgroup/latest-6443-int-tg/1d10b2d9b09f7231",
            "lambda_multi_value_headers_enabled": false,
            "load_balancing_algorithm_type": null,
            "name": "latest-6443-int-tg",
            "name_prefix": null,
            "port": 6443,
            "protocol": "TCP",
            "proxy_protocol_v2": false,
            "slow_start": 0,
            "stickiness": [],
            "tags": null,
            "target_type": "ip",
            "vpc_id": "vpc-0a735dc9ff074a98d"
          },
          "private": "bnVsbA=="
        }
      ]
    }
  ]
}
